
Microsoft Visual Studio Solution File, Format Version 12.00
# Visual Studio Version 17
VisualStudioVersion = 17.6.33801.468
MinimumVisualStudioVersion = 10.0.40219.1
Project("{FAE04EC0-301F-11D3-BF4B-00C04F79EFBC}") = "Tutgetch", "Tutgetch.csproj", "{9DB05681-9379-42D5-A564-5E8787FCC1F5}"
EndProject
Global
	GlobalSection(SolutionConfigurationPlatforms) = preSolution
		Debug|Any CPU = Debug|Any CPU
		Release|Any CPU = Release|Any CPU
	EndGlobalSection
	GlobalSection(ProjectConfigurationPlatforms) = postSolution
		{9DB05681-9379-42D5-A564-5E8787FCC1F5}.Debug|Any CPU.ActiveCfg = Debug|Any CPU
		{9DB05681-9379-42D5-A564-5E8787FCC1F5}.Debug|Any CPU.Build.0 = Debug|Any CPU
		{9DB05681-9379-42D5-A564-5E8787FCC1F5}.Release|Any CPU.ActiveCfg = Release|Any CPU
		{9DB05681-9379-42D5-A564-5E8787FCC1F5}.Release|Any CPU.Build.0 = Release|Any CPU
	EndGlobalSection
	GlobalSection(SolutionProperties) = preSolution
		HideSolutionNode = FALSE
	EndGlobalSection
	GlobalSection(ExtensibilityGlobals) = postSolution
		SolutionGuid = {D03DAA16-860A-4FD9-BED2-2D4711A8FCAE}
	EndGlobalSection
EndGlobal
